
Microsoft Visual Studio Solution File, Format Version 12.00
# Visual Studio Version 16
VisualStudioVersion = 25.0.1704.0
MinimumVisualStudioVersion = 10.0.40219.1
Project("{FAE04EC0-301F-11D3-BF4B-00C04F79EFBC}") = "AWSCSharpApp", "HelloWorldCSharpApp\AWSCSharpApp.csproj", "{D12BEB02-8B88-4935-BEDA-9EF40462632B}"
EndProject
Project("{FAE04EC0-301F-11D3-BF4B-00C04F79EFBC}") = "HelloWorldApp", "HelloWorldApp\HelloWorldApp.csproj", "{2D5B0DF1-9C50-4134-B6C2-5CC26EA4FB11}"
EndProject
Project("{FAE04EC0-301F-11D3-BF4B-00C04F79EFBC}") = "HelloOrleansApp", "HelloOrleansApp\HelloOrleansApp.csproj", "{35449115-E6C9-4CE0-9FA5-34A0B349D8FA}"
EndProject
Project("{FAE04EC0-301F-11D3-BF4B-00C04F79EFBC}") = "OrleansBasicApp.Silo", "OrleansBasicApp.Silo\OrleansBasicApp.Silo.csproj", "{88C1EEA5-59F5-4637-94EF-309DE95575CD}"
EndProject
Project("{FAE04EC0-301F-11D3-BF4B-00C04F79EFBC}") = "OrleansBasicApp.Client", "OrleansBasicApp.Client\OrleansBasicApp.Client.csproj", "{DBA28339-0BAD-4E43-99E3-AC6FBDDAC06A}"
EndProject
Project("{FAE04EC0-301F-11D3-BF4B-00C04F79EFBC}") = "OrleansBasicApp.GrainInterfaces", "OrleansBasicApp.GrainInterfaces\OrleansBasicApp.GrainInterfaces.csproj", "{D06B5D6E-8474-449E-9084-7C7B521CF5CB}"
EndProject
Project("{FAE04EC0-301F-11D3-BF4B-00C04F79EFBC}") = "OrleansBasicApp.Grains", "OrleansBasicApp.Grains\OrleansBasicApp.Grains.csproj", "{0CBE7031-EA72-49CE-98A0-39782807B774}"
EndProject
Project("{2150E333-8FDC-42A3-9474-1A3956D46DE8}") = "OrleansBasicApp", "OrleansBasicApp", "{0C51A44B-47FB-4733-AAC5-9F68E4468CAF}"
EndProject
Global
	GlobalSection(SolutionConfigurationPlatforms) = preSolution
		Debug|Any CPU = Debug|Any CPU
		Release|Any CPU = Release|Any CPU
	EndGlobalSection
	GlobalSection(ProjectConfigurationPlatforms) = postSolution
		{D12BEB02-8B88-4935-BEDA-9EF40462632B}.Debug|Any CPU.ActiveCfg = Debug|Any CPU
		{D12BEB02-8B88-4935-BEDA-9EF40462632B}.Debug|Any CPU.Build.0 = Debug|Any CPU
		{D12BEB02-8B88-4935-BEDA-9EF40462632B}.Release|Any CPU.ActiveCfg = Release|Any CPU
		{D12BEB02-8B88-4935-BEDA-9EF40462632B}.Release|Any CPU.Build.0 = Release|Any CPU
		{2D5B0DF1-9C50-4134-B6C2-5CC26EA4FB11}.Debug|Any CPU.ActiveCfg = Debug|Any CPU
		{2D5B0DF1-9C50-4134-B6C2-5CC26EA4FB11}.Debug|Any CPU.Build.0 = Debug|Any CPU
		{2D5B0DF1-9C50-4134-B6C2-5CC26EA4FB11}.Release|Any CPU.ActiveCfg = Release|Any CPU
		{2D5B0DF1-9C50-4134-B6C2-5CC26EA4FB11}.Release|Any CPU.Build.0 = Release|Any CPU
		{35449115-E6C9-4CE0-9FA5-34A0B349D8FA}.Debug|Any CPU.ActiveCfg = Debug|Any CPU
		{35449115-E6C9-4CE0-9FA5-34A0B349D8FA}.Debug|Any CPU.Build.0 = Debug|Any CPU
		{35449115-E6C9-4CE0-9FA5-34A0B349D8FA}.Release|Any CPU.ActiveCfg = Release|Any CPU
		{35449115-E6C9-4CE0-9FA5-34A0B349D8FA}.Release|Any CPU.Build.0 = Release|Any CPU
		{88C1EEA5-59F5-4637-94EF-309DE95575CD}.Debug|Any CPU.ActiveCfg = Debug|Any CPU
		{88C1EEA5-59F5-4637-94EF-309DE95575CD}.Debug|Any CPU.Build.0 = Debug|Any CPU
		{88C1EEA5-59F5-4637-94EF-309DE95575CD}.Release|Any CPU.ActiveCfg = Release|Any CPU
		{88C1EEA5-59F5-4637-94EF-309DE95575CD}.Release|Any CPU.Build.0 = Release|Any CPU
		{DBA28339-0BAD-4E43-99E3-AC6FBDDAC06A}.Debug|Any CPU.ActiveCfg = Debug|Any CPU
		{DBA28339-0BAD-4E43-99E3-AC6FBDDAC06A}.Debug|Any CPU.Build.0 = Debug|Any CPU
		{DBA28339-0BAD-4E43-99E3-AC6FBDDAC06A}.Release|Any CPU.ActiveCfg = Release|Any CPU
		{DBA28339-0BAD-4E43-99E3-AC6FBDDAC06A}.Release|Any CPU.Build.0 = Release|Any CPU
		{D06B5D6E-8474-449E-9084-7C7B521CF5CB}.Debug|Any CPU.ActiveCfg = Debug|Any CPU
		{D06B5D6E-8474-449E-9084-7C7B521CF5CB}.Debug|Any CPU.Build.0 = Debug|Any CPU
		{D06B5D6E-8474-449E-9084-7C7B521CF5CB}.Release|Any CPU.ActiveCfg = Release|Any CPU
		{D06B5D6E-8474-449E-9084-7C7B521CF5CB}.Release|Any CPU.Build.0 = Release|Any CPU
		{0CBE7031-EA72-49CE-98A0-39782807B774}.Debug|Any CPU.ActiveCfg = Debug|Any CPU
		{0CBE7031-EA72-49CE-98A0-39782807B774}.Debug|Any CPU.Build.0 = Debug|Any CPU
		{0CBE7031-EA72-49CE-98A0-39782807B774}.Release|Any CPU.ActiveCfg = Release|Any CPU
		{0CBE7031-EA72-49CE-98A0-39782807B774}.Release|Any CPU.Build.0 = Release|Any CPU
	EndGlobalSection
	GlobalSection(SolutionProperties) = preSolution
		HideSolutionNode = FALSE
	EndGlobalSection
	GlobalSection(ExtensibilityGlobals) = postSolution
		SolutionGuid = {48494C58-D9E6-47AB-A210-13C433AA2D49}
	EndGlobalSection
	GlobalSection(NestedProjects) = preSolution
		{DBA28339-0BAD-4E43-99E3-AC6FBDDAC06A} = {0C51A44B-47FB-4733-AAC5-9F68E4468CAF}
		{D06B5D6E-8474-449E-9084-7C7B521CF5CB} = {0C51A44B-47FB-4733-AAC5-9F68E4468CAF}
		{0CBE7031-EA72-49CE-98A0-39782807B774} = {0C51A44B-47FB-4733-AAC5-9F68E4468CAF}
		{88C1EEA5-59F5-4637-94EF-309DE95575CD} = {0C51A44B-47FB-4733-AAC5-9F68E4468CAF}
	EndGlobalSection
EndGlobal
